
Microsoft Visual Studio Solution File, Format Version 12.00
# Visual Studio Version 17
VisualStudioVersion = 17.7.34024.191
MinimumVisualStudioVersion = 10.0.40219.1
Project("{FAE04EC0-301F-11D3-BF4B-00C04F79EFBC}") = "ListSub", "ListSub.csproj", "{0094A035-755E-4419-9DCF-B648135B4895}"
EndProject
Global
	GlobalSection(SolutionConfigurationPlatforms) = preSolution
		Debug|Any CPU = Debug|Any CPU
		Release|Any CPU = Release|Any CPU
	EndGlobalSection
	GlobalSection(ProjectConfigurationPlatforms) = postSolution
		{0094A035-755E-4419-9DCF-B648135B4895}.Debug|Any CPU.ActiveCfg = Debug|Any CPU
		{0094A035-755E-4419-9DCF-B648135B4895}.Debug|Any CPU.Build.0 = Debug|Any CPU
		{0094A035-755E-4419-9DCF-B648135B4895}.Release|Any CPU.ActiveCfg = Release|Any CPU
		{0094A035-755E-4419-9DCF-B648135B4895}.Release|Any CPU.Build.0 = Release|Any CPU
	EndGlobalSection
	GlobalSection(SolutionProperties) = preSolution
		HideSolutionNode = FALSE
	EndGlobalSection
	GlobalSection(ExtensibilityGlobals) = postSolution
		SolutionGuid = {D36A62BC-5977-431E-B27F-E6BE4E15632A}
	EndGlobalSection
EndGlobal
