
Microsoft Visual Studio Solution File, Format Version 12.00
# Visual Studio Version 17
VisualStudioVersion = 17.7.34024.191
MinimumVisualStudioVersion = 10.0.40219.1
Project("{FAE04EC0-301F-11D3-BF4B-00C04F79EFBC}") = "lab3lab37", "lab3lab37.csproj", "{7E6097FC-1A2A-4A76-ACD1-1F5249CF978F}"
EndProject
Global
	GlobalSection(SolutionConfigurationPlatforms) = preSolution
		Debug|Any CPU = Debug|Any CPU
		Release|Any CPU = Release|Any CPU
	EndGlobalSection
	GlobalSection(ProjectConfigurationPlatforms) = postSolution
		{7E6097FC-1A2A-4A76-ACD1-1F5249CF978F}.Debug|Any CPU.ActiveCfg = Debug|Any CPU
		{7E6097FC-1A2A-4A76-ACD1-1F5249CF978F}.Debug|Any CPU.Build.0 = Debug|Any CPU
		{7E6097FC-1A2A-4A76-ACD1-1F5249CF978F}.Release|Any CPU.ActiveCfg = Release|Any CPU
		{7E6097FC-1A2A-4A76-ACD1-1F5249CF978F}.Release|Any CPU.Build.0 = Release|Any CPU
	EndGlobalSection
	GlobalSection(SolutionProperties) = preSolution
		HideSolutionNode = FALSE
	EndGlobalSection
	GlobalSection(ExtensibilityGlobals) = postSolution
		SolutionGuid = {E0421187-0A3A-41D2-8864-13764F97D797}
	EndGlobalSection
EndGlobal
