
Microsoft Visual Studio Solution File, Format Version 12.00
# Visual Studio Version 17
VisualStudioVersion = 17.7.34024.191
MinimumVisualStudioVersion = 10.0.40219.1
Project("{FAE04EC0-301F-11D3-BF4B-00C04F79EFBC}") = "GenPermutari", "GenPermutari.csproj", "{D6099807-025D-4952-9AE7-11ED3F48FA70}"
EndProject
Global
	GlobalSection(SolutionConfigurationPlatforms) = preSolution
		Debug|Any CPU = Debug|Any CPU
		Release|Any CPU = Release|Any CPU
	EndGlobalSection
	GlobalSection(ProjectConfigurationPlatforms) = postSolution
		{D6099807-025D-4952-9AE7-11ED3F48FA70}.Debug|Any CPU.ActiveCfg = Debug|Any CPU
		{D6099807-025D-4952-9AE7-11ED3F48FA70}.Debug|Any CPU.Build.0 = Debug|Any CPU
		{D6099807-025D-4952-9AE7-11ED3F48FA70}.Release|Any CPU.ActiveCfg = Release|Any CPU
		{D6099807-025D-4952-9AE7-11ED3F48FA70}.Release|Any CPU.Build.0 = Release|Any CPU
	EndGlobalSection
	GlobalSection(SolutionProperties) = preSolution
		HideSolutionNode = FALSE
	EndGlobalSection
	GlobalSection(ExtensibilityGlobals) = postSolution
		SolutionGuid = {BBB49D4C-6BB6-4003-B7AB-331F1369D5D7}
	EndGlobalSection
EndGlobal
