
Microsoft Visual Studio Solution File, Format Version 12.00
# Visual Studio Version 17
VisualStudioVersion = 17.7.34024.191
MinimumVisualStudioVersion = 10.0.40219.1
Project("{FAE04EC0-301F-11D3-BF4B-00C04F79EFBC}") = "lab1lab34", "lab1lab34.csproj", "{A9897C50-E8FD-41D5-9D33-E002D44F2A5D}"
EndProject
Global
	GlobalSection(SolutionConfigurationPlatforms) = preSolution
		Debug|Any CPU = Debug|Any CPU
		Release|Any CPU = Release|Any CPU
	EndGlobalSection
	GlobalSection(ProjectConfigurationPlatforms) = postSolution
		{A9897C50-E8FD-41D5-9D33-E002D44F2A5D}.Debug|Any CPU.ActiveCfg = Debug|Any CPU
		{A9897C50-E8FD-41D5-9D33-E002D44F2A5D}.Debug|Any CPU.Build.0 = Debug|Any CPU
		{A9897C50-E8FD-41D5-9D33-E002D44F2A5D}.Release|Any CPU.ActiveCfg = Release|Any CPU
		{A9897C50-E8FD-41D5-9D33-E002D44F2A5D}.Release|Any CPU.Build.0 = Release|Any CPU
	EndGlobalSection
	GlobalSection(SolutionProperties) = preSolution
		HideSolutionNode = FALSE
	EndGlobalSection
	GlobalSection(ExtensibilityGlobals) = postSolution
		SolutionGuid = {98B4D8AA-7052-4105-AA25-1FBB6BD85E3C}
	EndGlobalSection
EndGlobal
