
Microsoft Visual Studio Solution File, Format Version 12.00
# Visual Studio Version 17
VisualStudioVersion = 17.7.34024.191
MinimumVisualStudioVersion = 10.0.40219.1
Project("{FAE04EC0-301F-11D3-BF4B-00C04F79EFBC}") = "Interclasare", "Interclasare.csproj", "{6F8AA0B5-E436-4682-96D6-D5FD52A8F4A7}"
EndProject
Global
	GlobalSection(SolutionConfigurationPlatforms) = preSolution
		Debug|Any CPU = Debug|Any CPU
		Release|Any CPU = Release|Any CPU
	EndGlobalSection
	GlobalSection(ProjectConfigurationPlatforms) = postSolution
		{6F8AA0B5-E436-4682-96D6-D5FD52A8F4A7}.Debug|Any CPU.ActiveCfg = Debug|Any CPU
		{6F8AA0B5-E436-4682-96D6-D5FD52A8F4A7}.Debug|Any CPU.Build.0 = Debug|Any CPU
		{6F8AA0B5-E436-4682-96D6-D5FD52A8F4A7}.Release|Any CPU.ActiveCfg = Release|Any CPU
		{6F8AA0B5-E436-4682-96D6-D5FD52A8F4A7}.Release|Any CPU.Build.0 = Release|Any CPU
	EndGlobalSection
	GlobalSection(SolutionProperties) = preSolution
		HideSolutionNode = FALSE
	EndGlobalSection
	GlobalSection(ExtensibilityGlobals) = postSolution
		SolutionGuid = {00A68583-1A2D-418A-80CF-3D121BE65627}
	EndGlobalSection
EndGlobal
