
Microsoft Visual Studio Solution File, Format Version 12.00
# Visual Studio Version 17
VisualStudioVersion = 17.7.34024.191
MinimumVisualStudioVersion = 10.0.40219.1
Project("{FAE04EC0-301F-11D3-BF4B-00C04F79EFBC}") = "8Vecini", "8Vecini.csproj", "{B3E694C2-75EF-4B4B-9248-82C6B48E42CA}"
EndProject
Global
	GlobalSection(SolutionConfigurationPlatforms) = preSolution
		Debug|Any CPU = Debug|Any CPU
		Release|Any CPU = Release|Any CPU
	EndGlobalSection
	GlobalSection(ProjectConfigurationPlatforms) = postSolution
		{B3E694C2-75EF-4B4B-9248-82C6B48E42CA}.Debug|Any CPU.ActiveCfg = Debug|Any CPU
		{B3E694C2-75EF-4B4B-9248-82C6B48E42CA}.Debug|Any CPU.Build.0 = Debug|Any CPU
		{B3E694C2-75EF-4B4B-9248-82C6B48E42CA}.Release|Any CPU.ActiveCfg = Release|Any CPU
		{B3E694C2-75EF-4B4B-9248-82C6B48E42CA}.Release|Any CPU.Build.0 = Release|Any CPU
	EndGlobalSection
	GlobalSection(SolutionProperties) = preSolution
		HideSolutionNode = FALSE
	EndGlobalSection
	GlobalSection(ExtensibilityGlobals) = postSolution
		SolutionGuid = {1B7EDBC3-3066-44F0-953B-AF7C163EE6DA}
	EndGlobalSection
EndGlobal
